
Microsoft Visual Studio Solution File, Format Version 12.00
# Visual Studio Version 16
VisualStudioVersion = 16.0.30711.63
MinimumVisualStudioVersion = 10.0.40219.1
Project("{8BC9CEB8-8B4A-11D0-8D11-00A0C91BC942}") = "Lab1", "Lab1\Lab1.vcxproj", "{9629A65C-8C5D-48E9-A501-E0A19E14A5B6}"
EndProject
Project("{8BC9CEB8-8B4A-11D0-8D11-00A0C91BC942}") = "Lab2", "Lab2\Lab2.vcxproj", "{14E19A25-A5B5-436C-8A50-DF17DF0653B2}"
EndProject
Project("{8BC9CEB8-8B4A-11D0-8D11-00A0C91BC942}") = "Lab3", "Lab3\Lab3.vcxproj", "{C3597A74-FEC0-4529-A845-BA762DD8751A}"
EndProject
Global
	GlobalSection(SolutionConfigurationPlatforms) = preSolution
		Debug|x64 = Debug|x64
		Debug|x86 = Debug|x86
		Release|x64 = Release|x64
		Release|x86 = Release|x86
	EndGlobalSection
	GlobalSection(ProjectConfigurationPlatforms) = postSolution
		{9629A65C-8C5D-48E9-A501-E0A19E14A5B6}.Debug|x64.ActiveCfg = Debug|x64
		{9629A65C-8C5D-48E9-A501-E0A19E14A5B6}.Debug|x64.Build.0 = Debug|x64
		{9629A65C-8C5D-48E9-A501-E0A19E14A5B6}.Debug|x86.ActiveCfg = Debug|Win32
		{9629A65C-8C5D-48E9-A501-E0A19E14A5B6}.Debug|x86.Build.0 = Debug|Win32
		{9629A65C-8C5D-48E9-A501-E0A19E14A5B6}.Release|x64.ActiveCfg = Release|x64
		{9629A65C-8C5D-48E9-A501-E0A19E14A5B6}.Release|x64.Build.0 = Release|x64
		{9629A65C-8C5D-48E9-A501-E0A19E14A5B6}.Release|x86.ActiveCfg = Release|Win32
		{9629A65C-8C5D-48E9-A501-E0A19E14A5B6}.Release|x86.Build.0 = Release|Win32
		{14E19A25-A5B5-436C-8A50-DF17DF0653B2}.Debug|x64.ActiveCfg = Debug|x64
		{14E19A25-A5B5-436C-8A50-DF17DF0653B2}.Debug|x64.Build.0 = Debug|x64
		{14E19A25-A5B5-436C-8A50-DF17DF0653B2}.Debug|x86.ActiveCfg = Debug|Win32
		{14E19A25-A5B5-436C-8A50-DF17DF0653B2}.Debug|x86.Build.0 = Debug|Win32
		{14E19A25-A5B5-436C-8A50-DF17DF0653B2}.Release|x64.ActiveCfg = Release|x64
		{14E19A25-A5B5-436C-8A50-DF17DF0653B2}.Release|x64.Build.0 = Release|x64
		{14E19A25-A5B5-436C-8A50-DF17DF0653B2}.Release|x86.ActiveCfg = Release|Win32
		{14E19A25-A5B5-436C-8A50-DF17DF0653B2}.Release|x86.Build.0 = Release|Win32
		{C3597A74-FEC0-4529-A845-BA762DD8751A}.Debug|x64.ActiveCfg = Debug|x64
		{C3597A74-FEC0-4529-A845-BA762DD8751A}.Debug|x64.Build.0 = Debug|x64
		{C3597A74-FEC0-4529-A845-BA762DD8751A}.Debug|x86.ActiveCfg = Debug|Win32
		{C3597A74-FEC0-4529-A845-BA762DD8751A}.Debug|x86.Build.0 = Debug|Win32
		{C3597A74-FEC0-4529-A845-BA762DD8751A}.Release|x64.ActiveCfg = Release|x64
		{C3597A74-FEC0-4529-A845-BA762DD8751A}.Release|x64.Build.0 = Release|x64
		{C3597A74-FEC0-4529-A845-BA762DD8751A}.Release|x86.ActiveCfg = Release|Win32
		{C3597A74-FEC0-4529-A845-BA762DD8751A}.Release|x86.Build.0 = Release|Win32
	EndGlobalSection
	GlobalSection(SolutionProperties) = preSolution
		HideSolutionNode = FALSE
	EndGlobalSection
	GlobalSection(ExtensibilityGlobals) = postSolution
		SolutionGuid = {680F2A70-B61D-4460-BF79-D8023D4E59D1}
	EndGlobalSection
EndGlobal
